# THIS IS AN AUTOGENERATED FILE. DO NOT EDIT THIS FILE DIRECTLY.
# yarn lockfile v1


react-testing-library@^8.0.1:
  version "8.0.1"
  resolved "https://registry.yarnpkg.com/react-testing-library/-/react-testing-library-8.0.1.tgz#b3dd43bce3fa88423cf0a23292fb819023c227cc"
  integrity sha512-Gq4JC9r3prA4hYwo7afcbHHMFckO29+5Nrh2KblAEPuK/DWaU0bJE1vtpAgLhzhY9bBirmcgjjIHljHEwGAXKw==
